
Microsoft Visual Studio Solution File, Format Version 12.00
# Visual Studio Version 17
VisualStudioVersion = 17.11.35327.3
MinimumVisualStudioVersion = 10.0.40219.1
Project("{FAE04EC0-301F-11D3-BF4B-00C04F79EFBC}") = "LeaveManagmentSystem.Web", "LeaveManagmentSystem.Web\LeaveManagmentSystem.Web.csproj", "{38DBEB63-4472-435E-8781-E25679204E28}"
EndProject
Global
	GlobalSection(SolutionConfigurationPlatforms) = preSolution
		Debug|Any CPU = Debug|Any CPU
		Release|Any CPU = Release|Any CPU
	EndGlobalSection
	GlobalSection(ProjectConfigurationPlatforms) = postSolution
		{38DBEB63-4472-435E-8781-E25679204E28}.Debug|Any CPU.ActiveCfg = Debug|Any CPU
		{38DBEB63-4472-435E-8781-E25679204E28}.Debug|Any CPU.Build.0 = Debug|Any CPU
		{38DBEB63-4472-435E-8781-E25679204E28}.Release|Any CPU.ActiveCfg = Release|Any CPU
		{38DBEB63-4472-435E-8781-E25679204E28}.Release|Any CPU.Build.0 = Release|Any CPU
	EndGlobalSection
	GlobalSection(SolutionProperties) = preSolution
		HideSolutionNode = FALSE
	EndGlobalSection
	GlobalSection(ExtensibilityGlobals) = postSolution
		SolutionGuid = {5D84DFA8-DC10-4DC0-AE37-758E4D28A283}
	EndGlobalSection
EndGlobal
